// !$*UTF8*$!
{
	archiveVersion = 1;
	classes = {
	};
	objectVersion = 46;
	objects = {

/* Begin PBXBuildFile section */
		A1B068581C78073800DC3DC5 /* main.m in Sources */ = {isa = PBXBuildFile; fileRef = A1B068571C78073800DC3DC5 /* main.m */; };
		A1B0685B1C78073800DC3DC5 /* AppDelegate.m in Sources */ = {isa = PBXBuildFile; fileRef = A1B0685A1C78073800DC3DC5 /* AppDelegate.m */; };
		A1B0685E1C78073800DC3DC5 /* ViewController.m in Sources */ = {isa = PBXBuildFile; fileRef = A1B0685D1C78073800DC3DC5 /* ViewController.m */; };
		A1B068611C78073800DC3DC5 /* Main.storyboard in Resources */ = {isa = PBXBuildFile; fileRef = A1B0685F1C78073800DC3DC5 /* Main.storyboard */; };
		A1B068631C78073800DC3DC5 /* Assets.xcassets in Resources */ = {isa = PBXBuildFile; fileRef = A1B068621C78073800DC3DC5 /* Assets.xcassets */; };
		A1B068661C78073800DC3DC5 /* LaunchScreen.storyboard in Resources */ = {isa = PBXBuildFile; fileRef = A1B068641C78073800DC3DC5 /* LaunchScreen.storyboard */; };
		A1B068711C78073800DC3DC5 /* _______DEMOTests.m in Sources */ = {isa = PBXBuildFile; fileRef = A1B068701C78073800DC3DC5 /* _______DEMOTests.m */; };
		A1B0687C1C78073900DC3DC5 /* _______DEMOUITests.m in Sources */ = {isa = PBXBuildFile; fileRef = A1B0687B1C78073900DC3DC5 /* _______DEMOUITests.m */; };
/* End PBXBuildFile section */

/* Begin PBXContainerItemProxy section */
		A1B0686D1C78073800DC3DC5 /* PBXContainerItemProxy */ = {
			isa = PBXContainerItemProxy;
			containerPortal = A1B0684B1C78073800DC3DC5 /* Project object */;
			proxyType = 1;
			remoteGlobalIDString = A1B068521C78073800DC3DC5;
			remoteInfo = "简单信息采集-DEMO";
		};
		A1B068781C78073800DC3DC5 /* PBXContainerItemProxy */ = {
			isa = PBXContainerItemProxy;
			containerPortal = A1B0684B1C78073800DC3DC5 /* Project object */;
			proxyType = 1;
			remoteGlobalIDString = A1B068521C78073800DC3DC5;
			remoteInfo = "简单信息采集-DEMO";
		};
/* End PBXContainerItemProxy section */

/* Begin PBXFileReference section */
		A1B068531C78073800DC3DC5 /* 简单信息采集-DEMO.app */ = {isa = PBXFileReference; explicitFileType = wrapper.application; includeInIndex = 0; path = "简单信息采集-DEMO.app"; sourceTree = BUILT_PRODUCTS_DIR; };
		A1B068571C78073800DC3DC5 /* main.m */ = {isa = PBXFileReference; lastKnownFileType = sourcecode.c.objc; path = main.m; sourceTree = "<group>"; };
		A1B068591C78073800DC3DC5 /* AppDelegate.h */ = {isa = PBXFileReference; lastKnownFileType = sourcecode.c.h; path = AppDelegate.h; sourceTree = "<group>"; };
		A1B0685A1C78073800DC3DC5 /* AppDelegate.m */ = {isa = PBXFileReference; lastKnownFileType = sourcecode.c.objc; path = AppDelegate.m; sourceTree = "<group>"; };
		A1B0685C1C78073800DC3DC5 /* ViewController.h */ = {isa = PBXFileReference; lastKnownFileType = sourcecode.c.h; path = ViewController.h; sourceTree = "<group>"; };
		A1B0685D1C78073800DC3DC5 /* ViewController.m */ = {isa = PBXFileReference; lastKnownFileType = sourcecode.c.objc; path = ViewController.m; sourceTree = "<group>"; };
		A1B068601C78073800DC3DC5 /* Base */ = {isa = PBXFileReference; lastKnownFileType = file.storyboard; name = Base; path = Base.lproj/Main.storyboard; sourceTree = "<group>"; };
		A1B068621C78073800DC3DC5 /* Assets.xcassets */ = {isa = PBXFileReference; lastKnownFileType = folder.assetcatalog; path = Assets.xcassets; sourceTree = "<group>"; };
		A1B068651C78073800DC3DC5 /* Base */ = {isa = PBXFileReference; lastKnownFileType = file.storyboard; name = Base; path = Base.lproj/LaunchScreen.storyboard; sourceTree = "<group>"; };
		A1B068671C78073800DC3DC5 /* Info.plist */ = {isa = PBXFileReference; lastKnownFileType = text.plist.xml; path = Info.plist; sourceTree = "<group>"; };
		A1B0686C1C78073800DC3DC5 /* 简单信息采集-DEMOTests.xctest */ = {isa = PBXFileReference; explicitFileType = wrapper.cfbundle; includeInIndex = 0; path = "简单信息采集-DEMOTests.xctest"; sourceTree = BUILT_PRODUCTS_DIR; };
		A1B068701C78073800DC3DC5 /* _______DEMOTests.m */ = {isa = PBXFileReference; lastKnownFileType = sourcecode.c.objc; path = "_______DEMOTests.m"; sourceTree = "<group>"; };
		A1B068721C78073800DC3DC5 /* Info.plist */ = {isa = PBXFileReference; lastKnownFileType = text.plist.xml; path = Info.plist; sourceTree = "<group>"; };
		A1B068771C78073800DC3DC5 /* 简单信息采集-DEMOUITests.xctest */ = {isa = PBXFileReference; explicitFileType = wrapper.cfbundle; includeInIndex = 0; path = "简单信息采集-DEMOUITests.xctest"; sourceTree = BUILT_PRODUCTS_DIR; };
		A1B0687B1C78073900DC3DC5 /* _______DEMOUITests.m */ = {isa = PBXFileReference; lastKnownFileType = sourcecode.c.objc; path = "_______DEMOUITests.m"; sourceTree = "<group>"; };
		A1B0687D1C78073900DC3DC5 /* Info.plist */ = {isa = PBXFileReference; lastKnownFileType = text.plist.xml; path = Info.plist; sourceTree = "<group>"; };
/* End PBXFileReference section */

/* Begin PBXFrameworksBuildPhase section */
		A1B068501C78073800DC3DC5 /* Frameworks */ = {
			isa = PBXFrameworksBuildPhase;
			buildActionMask = 2147483647;
			files = (
			);
			runOnlyForDeploymentPostprocessing = 0;
		};
		A1B068691C78073800DC3DC5 /* Frameworks */ = {
			isa = PBXFrameworksBuildPhase;
			buildActionMask = 2147483647;
			files = (
			);
			runOnlyForDeploymentPostprocessing = 0;
		};
		A1B068741C78073800DC3DC5 /* Frameworks */ = {
			isa = PBXFrameworksBuildPhase;
			buildActionMask = 2147483647;
			files = (
			);
			runOnlyForDeploymentPostprocessing = 0;
		};
/* End PBXFrameworksBuildPhase section */

/* Begin PBXGroup section */
		A1B0684A1C78073800DC3DC5 = {
			isa = PBXGroup;
			children = (
				A1B068551C78073800DC3DC5 /* 简单信息采集-DEMO */,
				A1B0686F1C78073800DC3DC5 /* 简单信息采集-DEMOTests */,
				A1B0687A1C78073900DC3DC5 /* 简单信息采集-DEMOUITests */,
				A1B068541C78073800DC3DC5 /* Products */,
			);
			sourceTree = "<group>";
		};
		A1B068541C78073800DC3DC5 /* Products */ = {
			isa = PBXGroup;
			children = (
				A1B068531C78073800DC3DC5 /* 简单信息采集-DEMO.app */,
				A1B0686C1C78073800DC3DC5 /* 简单信息采集-DEMOTests.xctest */,
				A1B068771C78073800DC3DC5 /* 简单信息采集-DEMOUITests.xctest */,
			);
			name = Products;
			sourceTree = "<group>";
		};
		A1B068551C78073800DC3DC5 /* 简单信息采集-DEMO */ = {
			isa = PBXGroup;
			children = (
				A1B068591C78073800DC3DC5 /* AppDelegate.h */,
				A1B0685A1C78073800DC3DC5 /* AppDelegate.m */,
				A1B0685C1C78073800DC3DC5 /* ViewController.h */,
				A1B0685D1C78073800DC3DC5 /* ViewController.m */,
				A1B0685F1C78073800DC3DC5 /* Main.storyboard */,
				A1B068621C78073800DC3DC5 /* Assets.xcassets */,
				A1B068641C78073800DC3DC5 /* LaunchScreen.storyboard */,
				A1B068671C78073800DC3DC5 /* Info.plist */,
				A1B068561C78073800DC3DC5 /* Supporting Files */,
			);
			path = "简单信息采集-DEMO";
			sourceTree = "<group>";
		};
		A1B068561C78073800DC3DC5 /* Supporting Files */ = {
			isa = PBXGroup;
			children = (
				A1B068571C78073800DC3DC5 /* main.m */,
			);
			name = "Supporting Files";
			sourceTree = "<group>";
		};
		A1B0686F1C78073800DC3DC5 /* 简单信息采集-DEMOTests */ = {
			isa = PBXGroup;
			children = (
				A1B068701C78073800DC3DC5 /* _______DEMOTests.m */,
				A1B068721C78073800DC3DC5 /* Info.plist */,
			);
			path = "简单信息采集-DEMOTests";
			sourceTree = "<group>";
		};
		A1B0687A1C78073900DC3DC5 /* 简单信息采集-DEMOUITests */ = {
			isa = PBXGroup;
			children = (
				A1B0687B1C78073900DC3DC5 /* _______DEMOUITests.m */,
				A1B0687D1C78073900DC3DC5 /* Info.plist */,
			);
			path = "简单信息采集-DEMOUITests";
			sourceTree = "<group>";
		};
/* End PBXGroup section */

/* Begin PBXNativeTarget section */
		A1B068521C78073800DC3DC5 /* 简单信息采集-DEMO */ = {
			isa = PBXNativeTarget;
			buildConfigurationList = A1B068801C78073900DC3DC5 /* Build configuration list for PBXNativeTarget "简单信息采集-DEMO" */;
			buildPhases = (
				A1B0684F1C78073800DC3DC5 /* Sources */,
				A1B068501C78073800DC3DC5 /* Frameworks */,
				A1B068511C78073800DC3DC5 /* Resources */,
			);
			buildRules = (
			);
			dependencies = (
			);
			name = "简单信息采集-DEMO";
			productName = "简单信息采集-DEMO";
			productReference = A1B068531C78073800DC3DC5 /* 简单信息采集-DEMO.app */;
			productType = "com.apple.product-type.application";
		};
		A1B0686B1C78073800DC3DC5 /* 简单信息采集-DEMOTests */ = {
			isa = PBXNativeTarget;
			buildConfigurationList = A1B068831C78073900DC3DC5 /* Build configuration list for PBXNativeTarget "简单信息采集-DEMOTests" */;
			buildPhases = (
				A1B068681C78073800DC3DC5 /* Sources */,
				A1B068691C78073800DC3DC5 /* Frameworks */,
				A1B0686A1C78073800DC3DC5 /* Resources */,
			);
			buildRules = (
			);
			dependencies = (
				A1B0686E1C78073800DC3DC5 /* PBXTargetDependency */,
			);
			name = "简单信息采集-DEMOTests";
			productName = "简单信息采集-DEMOTests";
			productReference = A1B0686C1C78073800DC3DC5 /* 简单信息采集-DEMOTests.xctest */;
			productType = "com.apple.product-type.bundle.unit-test";
		};
		A1B068761C78073800DC3DC5 /* 简单信息采集-DEMOUITests */ = {
			isa = PBXNativeTarget;
			buildConfigurationList = A1B068861C78073900DC3DC5 /* Build configuration list for PBXNativeTarget "简单信息采集-DEMOUITests" */;
			buildPhases = (
				A1B068731C78073800DC3DC5 /* Sources */,
				A1B068741C78073800DC3DC5 /* Frameworks */,
				A1B068751C78073800DC3DC5 /* Resources */,
			);
			buildRules = (
			);
			dependencies = (
				A1B068791C78073800DC3DC5 /* PBXTargetDependency */,
			);
			name = "简单信息采集-DEMOUITests";
			productName = "简单信息采集-DEMOUITests";
			productReference = A1B068771C78073800DC3DC5 /* 简单信息采集-DEMOUITests.xctest */;
			productType = "com.apple.product-type.bundle.ui-testing";
		};
/* End PBXNativeTarget section */

/* Begin PBXProject section */
		A1B0684B1C78073800DC3DC5 /* Project object */ = {
			isa = PBXProject;
			attributes = {
				LastUpgradeCheck = 0700;
				ORGANIZATIONNAME = yinyi;
				TargetAttributes = {
					A1B068521C78073800DC3DC5 = {
						CreatedOnToolsVersion = 7.0;
						DevelopmentTeam = K6P5E2ZJ9B;
					};
					A1B0686B1C78073800DC3DC5 = {
						CreatedOnToolsVersion = 7.0;
						DevelopmentTeam = 77835RCXL6;
						TestTargetID = A1B068521C78073800DC3DC5;
					};
					A1B068761C78073800DC3DC5 = {
						CreatedOnToolsVersion = 7.0;
						DevelopmentTeam = 77835RCXL6;
						TestTargetID = A1B068521C78073800DC3DC5;
					};
				};
			};
			buildConfigurationList = A1B0684E1C78073800DC3DC5 /* Build configuration list for PBXProject "简单信息采集-DEMO" */;
			compatibilityVersion = "Xcode 3.2";
			developmentRegion = English;
			hasScannedForEncodings = 0;
			knownRegions = (
				en,
				Base,
			);
			mainGroup = A1B0684A1C78073800DC3DC5;
			productRefGroup = A1B068541C78073800DC3DC5 /* Products */;
			projectDirPath = "";
			projectRoot = "";
			targets = (
				A1B068521C78073800DC3DC5 /* 简单信息采集-DEMO */,
				A1B0686B1C78073800DC3DC5 /* 简单信息采集-DEMOTests */,
				A1B068761C78073800DC3DC5 /* 简单信息采集-DEMOUITests */,
			);
		};
/* End PBXProject section */

/* Begin PBXResourcesBuildPhase section */
		A1B068511C78073800DC3DC5 /* Resources */ = {
			isa = PBXResourcesBuildPhase;
			buildActionMask = 2147483647;
			files = (
				A1B068661C78073800DC3DC5 /* LaunchScreen.storyboard in Resources */,
				A1B068631C78073800DC3DC5 /* Assets.xcassets in Resources */,
				A1B068611C78073800DC3DC5 /* Main.storyboard in Resources */,
			);
			runOnlyForDeploymentPostprocessing = 0;
		};
		A1B0686A1C78073800DC3DC5 /* Resources */ = {
			isa = PBXResourcesBuildPhase;
			buildActionMask = 2147483647;
			files = (
			);
			runOnlyForDeploymentPostprocessing = 0;
		};
		A1B068751C78073800DC3DC5 /* Resources */ = {
			isa = PBXResourcesBuildPhase;
			buildActionMask = 2147483647;
			files = (
			);
			runOnlyForDeploymentPostprocessing = 0;
		};
/* End PBXResourcesBuildPhase section */

/* Begin PBXSourcesBuildPhase section */
		A1B0684F1C78073800DC3DC5 /* Sources */ = {
			isa = PBXSourcesBuildPhase;
			buildActionMask = 2147483647;
			files = (
				A1B0685E1C78073800DC3DC5 /* ViewController.m in Sources */,
				A1B0685B1C78073800DC3DC5 /* AppDelegate.m in Sources */,
				A1B068581C78073800DC3DC5 /* main.m in Sources */,
			);
			runOnlyForDeploymentPostprocessing = 0;
		};
		A1B068681C78073800DC3DC5 /* Sources */ = {
			isa = PBXSourcesBuildPhase;
			buildActionMask = 2147483647;
			files = (
				A1B068711C78073800DC3DC5 /* _______DEMOTests.m in Sources */,
			);
			runOnlyForDeploymentPostprocessing = 0;
		};
		A1B068731C78073800DC3DC5 /* Sources */ = {
			isa = PBXSourcesBuildPhase;
			buildActionMask = 2147483647;
			files = (
				A1B0687C1C78073900DC3DC5 /* _______DEMOUITests.m in Sources */,
			);
			runOnlyForDeploymentPostprocessing = 0;
		};
/* End PBXSourcesBuildPhase section */

/* Begin PBXTargetDependency section */
		A1B0686E1C78073800DC3DC5 /* PBXTargetDependency */ = {
			isa = PBXTargetDependency;
			target = A1B068521C78073800DC3DC5 /* 简单信息采集-DEMO */;
			targetProxy = A1B0686D1C78073800DC3DC5 /* PBXContainerItemProxy */;
		};
		A1B068791C78073800DC3DC5 /* PBXTargetDependency */ = {
			isa = PBXTargetDependency;
			target = A1B068521C78073800DC3DC5 /* 简单信息采集-DEMO */;
			targetProxy = A1B068781C78073800DC3DC5 /* PBXContainerItemProxy */;
		};
/* End PBXTargetDependency section */

/* Begin PBXVariantGroup section */
		A1B0685F1C78073800DC3DC5 /* Main.storyboard */ = {
			isa = PBXVariantGroup;
			children = (
				A1B068601C78073800DC3DC5 /* Base */,
			);
			name = Main.storyboard;
			sourceTree = "<group>";
		};
		A1B068641C78073800DC3DC5 /* LaunchScreen.storyboard */ = {
			isa = PBXVariantGroup;
			children = (
				A1B068651C78073800DC3DC5 /* Base */,
			);
			name = LaunchScreen.storyboard;
			sourceTree = "<group>";
		};
/* End PBXVariantGroup section */

/* Begin XCBuildConfiguration section */
		A1B0687E1C78073900DC3DC5 /* Debug */ = {
			isa = XCBuildConfiguration;
			buildSettings = {
				ALWAYS_SEARCH_USER_PATHS = NO;
				CLANG_CXX_LANGUAGE_STANDARD = "gnu++0x";
				CLANG_CXX_LIBRARY = "libc++";
				CLANG_ENABLE_MODULES = YES;
				CLANG_ENABLE_OBJC_ARC = YES;
				CLANG_WARN_BOOL_CONVERSION = YES;
				CLANG_WARN_CONSTANT_CONVERSION = YES;
				CLANG_WARN_DIRECT_OBJC_ISA_USAGE = YES_ERROR;
				CLANG_WARN_EMPTY_BODY = YES;
				CLANG_WARN_ENUM_CONVERSION = YES;
				CLANG_WARN_INT_CONVERSION = YES;
				CLANG_WARN_OBJC_ROOT_CLASS = YES_ERROR;
				CLANG_WARN_UNREACHABLE_CODE = YES;
				CLANG_WARN__DUPLICATE_METHOD_MATCH = YES;
				"CODE_SIGN_IDENTITY[sdk=iphoneos*]" = "iPhone Developer";
				COPY_PHASE_STRIP = NO;
				DEBUG_INFORMATION_FORMAT = dwarf;
				ENABLE_STRICT_OBJC_MSGSEND = YES;
				ENABLE_TESTABILITY = YES;
				GCC_C_LANGUAGE_STANDARD = gnu99;
				GCC_DYNAMIC_NO_PIC = NO;
				GCC_NO_COMMON_BLOCKS = YES;
				GCC_OPTIMIZATION_LEVEL = 0;
				GCC_PREPROCESSOR_DEFINITIONS = (
					"DEBUG=1",
					"$(inherited)",
				);
				GCC_WARN_64_TO_32_BIT_CONVERSION = YES;
				GCC_WARN_ABOUT_RETURN_TYPE = YES_ERROR;
				GCC_WARN_UNDECLARED_SELECTOR = YES;
				GCC_WARN_UNINITIALIZED_AUTOS = YES_AGGRESSIVE;
				GCC_WARN_UNUSED_FUNCTION = YES;
				GCC_WARN_UNUSED_VARIABLE = YES;
				IPHONEOS_DEPLOYMENT_TARGET = 9.0;
				MTL_ENABLE_DEBUG_INFO = YES;
				ONLY_ACTIVE_ARCH = YES;
				SDKROOT = iphoneos;
			};
			name = Debug;
		};
		A1B0687F1C78073900DC3DC5 /* Release */ = {
			isa = XCBuildConfiguration;
			buildSettings = {
				ALWAYS_SEARCH_USER_PATHS = NO;
				CLANG_CXX_LANGUAGE_STANDARD = "gnu++0x";
				CLANG_CXX_LIBRARY = "libc++";
				CLANG_ENABLE_MODULES = YES;
				CLANG_ENABLE_OBJC_ARC = YES;
				CLANG_WARN_BOOL_CONVERSION = YES;
				CLANG_WARN_CONSTANT_CONVERSION = YES;
				CLANG_WARN_DIRECT_OBJC_ISA_USAGE = YES_ERROR;
				CLANG_WARN_EMPTY_BODY = YES;
				CLANG_WARN_ENUM_CONVERSION = YES;
				CLANG_WARN_INT_CONVERSION = YES;
				CLANG_WARN_OBJC_ROOT_CLASS = YES_ERROR;
				CLANG_WARN_UNREACHABLE_CODE = YES;
				CLANG_WARN__DUPLICATE_METHOD_MATCH = YES;
				"CODE_SIGN_IDENTITY[sdk=iphoneos*]" = "iPhone Developer";
				COPY_PHASE_STRIP = NO;
				DEBUG_INFORMATION_FORMAT = "dwarf-with-dsym";
				ENABLE_NS_ASSERTIONS = NO;
				ENABLE_STRICT_OBJC_MSGSEND = YES;
				GCC_C_LANGUAGE_STANDARD = gnu99;
				GCC_NO_COMMON_BLOCKS = YES;
				GCC_WARN_64_TO_32_BIT_CONVERSION = YES;
				GCC_WARN_ABOUT_RETURN_TYPE = YES_ERROR;
				GCC_WARN_UNDECLARED_SELECTOR = YES;
				GCC_WARN_UNINITIALIZED_AUTOS = YES_AGGRESSIVE;
				GCC_WARN_UNUSED_FUNCTION = YES;
				GCC_WARN_UNUSED_VARIABLE = YES;
				IPHONEOS_DEPLOYMENT_TARGET = 9.0;
				MTL_ENABLE_DEBUG_INFO = NO;
				SDKROOT = iphoneos;
				VALIDATE_PRODUCT = YES;
			};
			name = Release;
		};
		A1B068811C78073900DC3DC5 /* Debug */ = {
			isa = XCBuildConfiguration;
			buildSettings = {
				ASSETCATALOG_COMPILER_APPICON_NAME = AppIcon;
				CODE_SIGN_IDENTITY = "iPhone Developer";
				INFOPLIST_FILE = "简单信息采集-DEMO/Info.plist";
				LD_RUNPATH_SEARCH_PATHS = "$(inherited) @executable_path/Frameworks";
				PRODUCT_BUNDLE_IDENTIFIER = "com.jiawo.------DEMO";
				PRODUCT_NAME = "$(TARGET_NAME)";
			};
			name = Debug;
		};
		A1B068821C78073900DC3DC5 /* Release */ = {
			isa = XCBuildConfiguration;
			buildSettings = {
				ASSETCATALOG_COMPILER_APPICON_NAME = AppIcon;
				CODE_SIGN_IDENTITY = "iPhone Developer";
				INFOPLIST_FILE = "简单信息采集-DEMO/Info.plist";
				LD_RUNPATH_SEARCH_PATHS = "$(inherited) @executable_path/Frameworks";
				PRODUCT_BUNDLE_IDENTIFIER = "com.jiawo.------DEMO";
				PRODUCT_NAME = "$(TARGET_NAME)";
			};
			name = Release;
		};
		A1B068841C78073900DC3DC5 /* Debug */ = {
			isa = XCBuildConfiguration;
			buildSettings = {
				BUNDLE_LOADER = "$(TEST_HOST)";
				INFOPLIST_FILE = "简单信息采集-DEMOTests/Info.plist";
				LD_RUNPATH_SEARCH_PATHS = "$(inherited) @executable_path/Frameworks @loader_path/Frameworks";
				PRODUCT_BUNDLE_IDENTIFIER = "com.yinyi.-------DEMOTests";
				PRODUCT_NAME = "$(TARGET_NAME)";
				TEST_HOST = "$(BUILT_PRODUCTS_DIR)/简单信息采集-DEMO.app/简单信息采集-DEMO";
			};
			name = Debug;
		};
		A1B068851C78073900DC3DC5 /* Release */ = {
			isa = XCBuildConfiguration;
			buildSettings = {
				BUNDLE_LOADER = "$(TEST_HOST)";
				INFOPLIST_FILE = "简单信息采集-DEMOTests/Info.plist";
				LD_RUNPATH_SEARCH_PATHS = "$(inherited) @executable_path/Frameworks @loader_path/Frameworks";
				PRODUCT_BUNDLE_IDENTIFIER = "com.yinyi.-------DEMOTests";
				PRODUCT_NAME = "$(TARGET_NAME)";
				TEST_HOST = "$(BUILT_PRODUCTS_DIR)/简单信息采集-DEMO.app/简单信息采集-DEMO";
			};
			name = Release;
		};
		A1B068871C78073900DC3DC5 /* Debug */ = {
			isa = XCBuildConfiguration;
			buildSettings = {
				INFOPLIST_FILE = "简单信息采集-DEMOUITests/Info.plist";
				LD_RUNPATH_SEARCH_PATHS = "$(inherited) @executable_path/Frameworks @loader_path/Frameworks";
				PRODUCT_BUNDLE_IDENTIFIER = "com.yinyi.-------DEMOUITests";
				PRODUCT_NAME = "$(TARGET_NAME)";
				TEST_TARGET_NAME = "简单信息采集-DEMO";
				USES_XCTRUNNER = YES;
			};
			name = Debug;
		};
		A1B068881C78073900DC3DC5 /* Release */ = {
			isa = XCBuildConfiguration;
			buildSettings = {
				INFOPLIST_FILE = "简单信息采集-DEMOUITests/Info.plist";
				LD_RUNPATH_SEARCH_PATHS = "$(inherited) @executable_path/Frameworks @loader_path/Frameworks";
				PRODUCT_BUNDLE_IDENTIFIER = "com.yinyi.-------DEMOUITests";
				PRODUCT_NAME = "$(TARGET_NAME)";
				TEST_TARGET_NAME = "简单信息采集-DEMO";
				USES_XCTRUNNER = YES;
			};
			name = Release;
		};
/* End XCBuildConfiguration section */

/* Begin XCConfigurationList section */
		A1B0684E1C78073800DC3DC5 /* Build configuration list for PBXProject "简单信息采集-DEMO" */ = {
			isa = XCConfigurationList;
			buildConfigurations = (
				A1B0687E1C78073900DC3DC5 /* Debug */,
				A1B0687F1C78073900DC3DC5 /* Release */,
			);
			defaultConfigurationIsVisible = 0;
			defaultConfigurationName = Release;
		};
		A1B068801C78073900DC3DC5 /* Build configuration list for PBXNativeTarget "简单信息采集-DEMO" */ = {
			isa = XCConfigurationList;
			buildConfigurations = (
				A1B068811C78073900DC3DC5 /* Debug */,
				A1B068821C78073900DC3DC5 /* Release */,
			);
			defaultConfigurationIsVisible = 0;
			defaultConfigurationName = Release;
		};
		A1B068831C78073900DC3DC5 /* Build configuration list for PBXNativeTarget "简单信息采集-DEMOTests" */ = {
			isa = XCConfigurationList;
			buildConfigurations = (
				A1B068841C78073900DC3DC5 /* Debug */,
				A1B068851C78073900DC3DC5 /* Release */,
			);
			defaultConfigurationIsVisible = 0;
			defaultConfigurationName = Release;
		};
		A1B068861C78073900DC3DC5 /* Build configuration list for PBXNativeTarget "简单信息采集-DEMOUITests" */ = {
			isa = XCConfigurationList;
			buildConfigurations = (
				A1B068871C78073900DC3DC5 /* Debug */,
				A1B068881C78073900DC3DC5 /* Release */,
			);
			defaultConfigurationIsVisible = 0;
			defaultConfigurationName = Release;
		};
/* End XCConfigurationList section */
	};
	rootObject = A1B0684B1C78073800DC3DC5 /* Project object */;
}
